// !$*UTF8*$!
{
	archiveVersion = 1;
	classes = {
	};
	objectVersion = 48;
	objects = {

/* Begin PBXBuildFile section */
		2624A5BCBCD6B4E9E637C8DC /* Pods_grasp.framework in Frameworks */ = {isa = PBXBuildFile; fileRef = ACFDBFA5452715C6BAE01984 /* Pods_grasp.framework */; };
		5F25D7A81FBCCC8E00A77415 /* TutorSearchViewController.swift in Sources */ = {isa = PBXBuildFile; fileRef = 5F25D7A71FBCCC8E00A77415 /* TutorSearchViewController.swift */; };
		5F25D7AA1FBCD60C00A77415 /* TutorResultCell.swift in Sources */ = {isa = PBXBuildFile; fileRef = 5F25D7A91FBCD60C00A77415 /* TutorResultCell.swift */; };
		5F25D7AC1FBCF52800A77415 /* Course.swift in Sources */ = {isa = PBXBuildFile; fileRef = 5F25D7AB1FBCF52800A77415 /* Course.swift */; };
		5F25D7AE1FBD20A100A77415 /* CourseCell.swift in Sources */ = {isa = PBXBuildFile; fileRef = 5F25D7AD1FBD20A100A77415 /* CourseCell.swift */; };
		5F25D7B01FBD502B00A77415 /* TutorCourseSelectionViewController.swift in Sources */ = {isa = PBXBuildFile; fileRef = 5F25D7AF1FBD502B00A77415 /* TutorCourseSelectionViewController.swift */; };
		5F25D7B21FBD5D6600A77415 /* CourseTutorCell.swift in Sources */ = {isa = PBXBuildFile; fileRef = 5F25D7B11FBD5D6600A77415 /* CourseTutorCell.swift */; };
		5F3C5BC61F9420F0004E7114 /* UserCreationViewController.swift in Sources */ = {isa = PBXBuildFile; fileRef = 5F3C5BC51F9420F0004E7114 /* UserCreationViewController.swift */; };
		5F3C5BC81F9423ED004E7114 /* APIManager.swift in Sources */ = {isa = PBXBuildFile; fileRef = 5F3C5BC71F9423ED004E7114 /* APIManager.swift */; };
		5F3C5BCA1F94251F004E7114 /* Tutor.swift in Sources */ = {isa = PBXBuildFile; fileRef = 5F3C5BC91F94251F004E7114 /* Tutor.swift */; };
		5F7EE4311FBA47DF00FCD1C7 /* RoundButton.swift in Sources */ = {isa = PBXBuildFile; fileRef = 5F7EE4301FBA47DF00FCD1C7 /* RoundButton.swift */; };
		5F7EE4331FBA4A7600FCD1C7 /* RegistrationController.swift in Sources */ = {isa = PBXBuildFile; fileRef = 5F7EE4321FBA4A7600FCD1C7 /* RegistrationController.swift */; };
		5F7EE4351FBA5DB300FCD1C7 /* UserCompletionController.swift in Sources */ = {isa = PBXBuildFile; fileRef = 5F7EE4341FBA5DB300FCD1C7 /* UserCompletionController.swift */; };
		5F9CF2161FC2A62600BBDFFE /* Constants.swift in Sources */ = {isa = PBXBuildFile; fileRef = 5F9CF2151FC2A62600BBDFFE /* Constants.swift */; };
		5F9CF2181FC4A2F700BBDFFE /* ContactPagerViewController.swift in Sources */ = {isa = PBXBuildFile; fileRef = 5F9CF2171FC4A2F700BBDFFE /* ContactPagerViewController.swift */; };
		5F9CF21A1FC4A61200BBDFFE /* ContactAcceptedViewController.swift in Sources */ = {isa = PBXBuildFile; fileRef = 5F9CF2191FC4A61200BBDFFE /* ContactAcceptedViewController.swift */; };
		5F9CF21C1FC4A61E00BBDFFE /* ContactPendingViewController.swift in Sources */ = {isa = PBXBuildFile; fileRef = 5F9CF21B1FC4A61E00BBDFFE /* ContactPendingViewController.swift */; };
		5FA83DE01FC4BA810091BD51 /* Relationship.swift in Sources */ = {isa = PBXBuildFile; fileRef = 5FA83DDF1FC4BA810091BD51 /* Relationship.swift */; };
		5FA83DE21FC4DC7A0091BD51 /* PendingUserCell.swift in Sources */ = {isa = PBXBuildFile; fileRef = 5FA83DE11FC4DC7A0091BD51 /* PendingUserCell.swift */; };
		5FA83DE41FC4E9210091BD51 /* AcceptedUserCell.swift in Sources */ = {isa = PBXBuildFile; fileRef = 5FA83DE31FC4E9210091BD51 /* AcceptedUserCell.swift */; };
		5FBB0E561F9269FC0077A877 /* AppDelegate.swift in Sources */ = {isa = PBXBuildFile; fileRef = 5FBB0E551F9269FC0077A877 /* AppDelegate.swift */; };
		5FBB0E5B1F9269FC0077A877 /* Main.storyboard in Resources */ = {isa = PBXBuildFile; fileRef = 5FBB0E591F9269FC0077A877 /* Main.storyboard */; };
		5FBB0E5D1F9269FC0077A877 /* Assets.xcassets in Resources */ = {isa = PBXBuildFile; fileRef = 5FBB0E5C1F9269FC0077A877 /* Assets.xcassets */; };
		5FBB0E601F9269FC0077A877 /* LaunchScreen.storyboard in Resources */ = {isa = PBXBuildFile; fileRef = 5FBB0E5E1F9269FC0077A877 /* LaunchScreen.storyboard */; };
		5FBB0E681F926ECE0077A877 /* InitialScreenViewController.swift in Sources */ = {isa = PBXBuildFile; fileRef = 5FBB0E671F926ECE0077A877 /* InitialScreenViewController.swift */; };
		5FBB0E6A1F926FFF0077A877 /* TutorsViewController.swift in Sources */ = {isa = PBXBuildFile; fileRef = 5FBB0E691F926FFF0077A877 /* TutorsViewController.swift */; };
		5FBB0E6C1F92714D0077A877 /* TutorCell.swift in Sources */ = {isa = PBXBuildFile; fileRef = 5FBB0E6B1F92714D0077A877 /* TutorCell.swift */; };
		5FD671B41FC52A4E005FEB5B /* LoadingIndicatorView.swift in Sources */ = {isa = PBXBuildFile; fileRef = 5FD671B31FC52A4E005FEB5B /* LoadingIndicatorView.swift */; };
		5FE4D6811FBA94DA005D3ECA /* KeyChainManager.swift in Sources */ = {isa = PBXBuildFile; fileRef = 5FE4D6801FBA94DA005D3ECA /* KeyChainManager.swift */; };
		5FE4D6831FBA9975005D3ECA /* User.swift in Sources */ = {isa = PBXBuildFile; fileRef = 5FE4D6821FBA9975005D3ECA /* User.swift */; };
		5FE4D6851FBAA1EE005D3ECA /* MainTabBarController.swift in Sources */ = {isa = PBXBuildFile; fileRef = 5FE4D6841FBAA1EE005D3ECA /* MainTabBarController.swift */; };
		5FFE5F421F92949700BCB2B5 /* TutorProfileViewController.swift in Sources */ = {isa = PBXBuildFile; fileRef = 5FFE5F411F92949700BCB2B5 /* TutorProfileViewController.swift */; };
		5FFE5F441F929F1300BCB2B5 /* UserProfileViewController.swift in Sources */ = {isa = PBXBuildFile; fileRef = 5FFE5F431F929F1300BCB2B5 /* UserProfileViewController.swift */; };
/* End PBXBuildFile section */

/* Begin PBXFileReference section */
		298F8229240B3F56915101CF /* Pods-grasp.release.xcconfig */ = {isa = PBXFileReference; includeInIndex = 1; lastKnownFileType = text.xcconfig; name = "Pods-grasp.release.xcconfig"; path = "Pods/Target Support Files/Pods-grasp/Pods-grasp.release.xcconfig"; sourceTree = "<group>"; };
		5F25D7A71FBCCC8E00A77415 /* TutorSearchViewController.swift */ = {isa = PBXFileReference; lastKnownFileType = sourcecode.swift; path = TutorSearchViewController.swift; sourceTree = "<group>"; };
		5F25D7A91FBCD60C00A77415 /* TutorResultCell.swift */ = {isa = PBXFileReference; lastKnownFileType = sourcecode.swift; path = TutorResultCell.swift; sourceTree = "<group>"; };
		5F25D7AB1FBCF52800A77415 /* Course.swift */ = {isa = PBXFileReference; lastKnownFileType = sourcecode.swift; path = Course.swift; sourceTree = "<group>"; };
		5F25D7AD1FBD20A100A77415 /* CourseCell.swift */ = {isa = PBXFileReference; lastKnownFileType = sourcecode.swift; path = CourseCell.swift; sourceTree = "<group>"; };
		5F25D7AF1FBD502B00A77415 /* TutorCourseSelectionViewController.swift */ = {isa = PBXFileReference; lastKnownFileType = sourcecode.swift; path = TutorCourseSelectionViewController.swift; sourceTree = "<group>"; };
		5F25D7B11FBD5D6600A77415 /* CourseTutorCell.swift */ = {isa = PBXFileReference; lastKnownFileType = sourcecode.swift; path = CourseTutorCell.swift; sourceTree = "<group>"; };
		5F3C5BC51F9420F0004E7114 /* UserCreationViewController.swift */ = {isa = PBXFileReference; lastKnownFileType = sourcecode.swift; path = UserCreationViewController.swift; sourceTree = "<group>"; };
		5F3C5BC71F9423ED004E7114 /* APIManager.swift */ = {isa = PBXFileReference; lastKnownFileType = sourcecode.swift; path = APIManager.swift; sourceTree = "<group>"; };
		5F3C5BC91F94251F004E7114 /* Tutor.swift */ = {isa = PBXFileReference; lastKnownFileType = sourcecode.swift; path = Tutor.swift; sourceTree = "<group>"; };
		5F7EE4301FBA47DF00FCD1C7 /* RoundButton.swift */ = {isa = PBXFileReference; lastKnownFileType = sourcecode.swift; path = RoundButton.swift; sourceTree = "<group>"; };
		5F7EE4321FBA4A7600FCD1C7 /* RegistrationController.swift */ = {isa = PBXFileReference; lastKnownFileType = sourcecode.swift; path = RegistrationController.swift; sourceTree = "<group>"; };
		5F7EE4341FBA5DB300FCD1C7 /* UserCompletionController.swift */ = {isa = PBXFileReference; lastKnownFileType = sourcecode.swift; path = UserCompletionController.swift; sourceTree = "<group>"; };
		5F9CF2151FC2A62600BBDFFE /* Constants.swift */ = {isa = PBXFileReference; lastKnownFileType = sourcecode.swift; path = Constants.swift; sourceTree = "<group>"; };
		5F9CF2171FC4A2F700BBDFFE /* ContactPagerViewController.swift */ = {isa = PBXFileReference; lastKnownFileType = sourcecode.swift; path = ContactPagerViewController.swift; sourceTree = "<group>"; };
		5F9CF2191FC4A61200BBDFFE /* ContactAcceptedViewController.swift */ = {isa = PBXFileReference; lastKnownFileType = sourcecode.swift; path = ContactAcceptedViewController.swift; sourceTree = "<group>"; };
		5F9CF21B1FC4A61E00BBDFFE /* ContactPendingViewController.swift */ = {isa = PBXFileReference; lastKnownFileType = sourcecode.swift; path = ContactPendingViewController.swift; sourceTree = "<group>"; };
		5FA83DDF1FC4BA810091BD51 /* Relationship.swift */ = {isa = PBXFileReference; lastKnownFileType = sourcecode.swift; path = Relationship.swift; sourceTree = "<group>"; };
		5FA83DE11FC4DC7A0091BD51 /* PendingUserCell.swift */ = {isa = PBXFileReference; lastKnownFileType = sourcecode.swift; path = PendingUserCell.swift; sourceTree = "<group>"; };
		5FA83DE31FC4E9210091BD51 /* AcceptedUserCell.swift */ = {isa = PBXFileReference; lastKnownFileType = sourcecode.swift; path = AcceptedUserCell.swift; sourceTree = "<group>"; };
		5FBB0E521F9269FC0077A877 /* Grasp.app */ = {isa = PBXFileReference; explicitFileType = wrapper.application; includeInIndex = 0; path = Grasp.app; sourceTree = BUILT_PRODUCTS_DIR; };
		5FBB0E551F9269FC0077A877 /* AppDelegate.swift */ = {isa = PBXFileReference; lastKnownFileType = sourcecode.swift; path = AppDelegate.swift; sourceTree = "<group>"; };
		5FBB0E5A1F9269FC0077A877 /* Base */ = {isa = PBXFileReference; lastKnownFileType = file.storyboard; name = Base; path = Base.lproj/Main.storyboard; sourceTree = "<group>"; };
		5FBB0E5C1F9269FC0077A877 /* Assets.xcassets */ = {isa = PBXFileReference; lastKnownFileType = folder.assetcatalog; path = Assets.xcassets; sourceTree = "<group>"; };
		5FBB0E5F1F9269FC0077A877 /* Base */ = {isa = PBXFileReference; lastKnownFileType = file.storyboard; name = Base; path = Base.lproj/LaunchScreen.storyboard; sourceTree = "<group>"; };
		5FBB0E611F9269FC0077A877 /* Info.plist */ = {isa = PBXFileReference; lastKnownFileType = text.plist.xml; path = Info.plist; sourceTree = "<group>"; };
		5FBB0E671F926ECE0077A877 /* InitialScreenViewController.swift */ = {isa = PBXFileReference; lastKnownFileType = sourcecode.swift; path = InitialScreenViewController.swift; sourceTree = "<group>"; };
		5FBB0E691F926FFF0077A877 /* TutorsViewController.swift */ = {isa = PBXFileReference; lastKnownFileType = sourcecode.swift; path = TutorsViewController.swift; sourceTree = "<group>"; };
		5FBB0E6B1F92714D0077A877 /* TutorCell.swift */ = {isa = PBXFileReference; lastKnownFileType = sourcecode.swift; path = TutorCell.swift; sourceTree = "<group>"; };
		5FD671B31FC52A4E005FEB5B /* LoadingIndicatorView.swift */ = {isa = PBXFileReference; lastKnownFileType = sourcecode.swift; path = LoadingIndicatorView.swift; sourceTree = "<group>"; };
		5FE4D6801FBA94DA005D3ECA /* KeyChainManager.swift */ = {isa = PBXFileReference; lastKnownFileType = sourcecode.swift; path = KeyChainManager.swift; sourceTree = "<group>"; };
		5FE4D6821FBA9975005D3ECA /* User.swift */ = {isa = PBXFileReference; lastKnownFileType = sourcecode.swift; path = User.swift; sourceTree = "<group>"; };
		5FE4D6841FBAA1EE005D3ECA /* MainTabBarController.swift */ = {isa = PBXFileReference; lastKnownFileType = sourcecode.swift; path = MainTabBarController.swift; sourceTree = "<group>"; };
		5FFE5F411F92949700BCB2B5 /* TutorProfileViewController.swift */ = {isa = PBXFileReference; lastKnownFileType = sourcecode.swift; path = TutorProfileViewController.swift; sourceTree = "<group>"; };
		5FFE5F431F929F1300BCB2B5 /* UserProfileViewController.swift */ = {isa = PBXFileReference; lastKnownFileType = sourcecode.swift; path = UserProfileViewController.swift; sourceTree = "<group>"; };
		617FD0DA12F0D025378EF702 /* Pods-grasp.debug.xcconfig */ = {isa = PBXFileReference; includeInIndex = 1; lastKnownFileType = text.xcconfig; name = "Pods-grasp.debug.xcconfig"; path = "Pods/Target Support Files/Pods-grasp/Pods-grasp.debug.xcconfig"; sourceTree = "<group>"; };
		ACFDBFA5452715C6BAE01984 /* Pods_grasp.framework */ = {isa = PBXFileReference; explicitFileType = wrapper.framework; includeInIndex = 0; path = Pods_grasp.framework; sourceTree = BUILT_PRODUCTS_DIR; };
/* End PBXFileReference section */

/* Begin PBXFrameworksBuildPhase section */
		5FBB0E4F1F9269FC0077A877 /* Frameworks */ = {
			isa = PBXFrameworksBuildPhase;
			buildActionMask = 2147483647;
			files = (
				2624A5BCBCD6B4E9E637C8DC /* Pods_grasp.framework in Frameworks */,
			);
			runOnlyForDeploymentPostprocessing = 0;
		};
/* End PBXFrameworksBuildPhase section */

/* Begin PBXGroup section */
		5F25D7A31FBC0AB100A77415 /* ViewControllers */ = {
			isa = PBXGroup;
			children = (
				5FBB0E671F926ECE0077A877 /* InitialScreenViewController.swift */,
				5FBB0E691F926FFF0077A877 /* TutorsViewController.swift */,
				5FFE5F411F92949700BCB2B5 /* TutorProfileViewController.swift */,
				5FFE5F431F929F1300BCB2B5 /* UserProfileViewController.swift */,
				5F3C5BC51F9420F0004E7114 /* UserCreationViewController.swift */,
				5F7EE4321FBA4A7600FCD1C7 /* RegistrationController.swift */,
				5F7EE4341FBA5DB300FCD1C7 /* UserCompletionController.swift */,
				5FE4D6841FBAA1EE005D3ECA /* MainTabBarController.swift */,
				5F25D7A71FBCCC8E00A77415 /* TutorSearchViewController.swift */,
				5F25D7AF1FBD502B00A77415 /* TutorCourseSelectionViewController.swift */,
				5F9CF2171FC4A2F700BBDFFE /* ContactPagerViewController.swift */,
				5F9CF2191FC4A61200BBDFFE /* ContactAcceptedViewController.swift */,
				5F9CF21B1FC4A61E00BBDFFE /* ContactPendingViewController.swift */,
			);
			path = ViewControllers;
			sourceTree = "<group>";
		};
		5F25D7A41FBC0ACF00A77415 /* Views */ = {
			isa = PBXGroup;
			children = (
				5FBB0E6B1F92714D0077A877 /* TutorCell.swift */,
				5F7EE4301FBA47DF00FCD1C7 /* RoundButton.swift */,
				5F25D7A91FBCD60C00A77415 /* TutorResultCell.swift */,
				5F25D7AD1FBD20A100A77415 /* CourseCell.swift */,
				5F25D7B11FBD5D6600A77415 /* CourseTutorCell.swift */,
				5FA83DE11FC4DC7A0091BD51 /* PendingUserCell.swift */,
				5FA83DE31FC4E9210091BD51 /* AcceptedUserCell.swift */,
				5FD671B31FC52A4E005FEB5B /* LoadingIndicatorView.swift */,
			);
			path = Views;
			sourceTree = "<group>";
		};
		5F25D7A51FBC0B0600A77415 /* Models */ = {
			isa = PBXGroup;
			children = (
				5F3C5BC91F94251F004E7114 /* Tutor.swift */,
				5FE4D6821FBA9975005D3ECA /* User.swift */,
				5F25D7AB1FBCF52800A77415 /* Course.swift */,
				5FA83DDF1FC4BA810091BD51 /* Relationship.swift */,
			);
			path = Models;
			sourceTree = "<group>";
		};
		5F25D7A61FBC0B1300A77415 /* Helpers */ = {
			isa = PBXGroup;
			children = (
				5F3C5BC71F9423ED004E7114 /* APIManager.swift */,
				5FE4D6801FBA94DA005D3ECA /* KeyChainManager.swift */,
				5F9CF2151FC2A62600BBDFFE /* Constants.swift */,
			);
			path = Helpers;
			sourceTree = "<group>";
		};
		5FBB0E491F9269FC0077A877 = {
			isa = PBXGroup;
			children = (
				5FBB0E541F9269FC0077A877 /* grasp */,
				5FBB0E531F9269FC0077A877 /* Products */,
				ABBE0FA434871B0371F21D28 /* Pods */,
				DC1F87589B9565E6047E4D9F /* Frameworks */,
			);
			sourceTree = "<group>";
		};
		5FBB0E531F9269FC0077A877 /* Products */ = {
			isa = PBXGroup;
			children = (
				5FBB0E521F9269FC0077A877 /* Grasp.app */,
			);
			name = Products;
			sourceTree = "<group>";
		};
		5FBB0E541F9269FC0077A877 /* grasp */ = {
			isa = PBXGroup;
			children = (
				5F25D7A61FBC0B1300A77415 /* Helpers */,
				5F25D7A51FBC0B0600A77415 /* Models */,
				5F25D7A41FBC0ACF00A77415 /* Views */,
				5F25D7A31FBC0AB100A77415 /* ViewControllers */,
				5FBB0E551F9269FC0077A877 /* AppDelegate.swift */,
				5FBB0E591F9269FC0077A877 /* Main.storyboard */,
				5FBB0E5C1F9269FC0077A877 /* Assets.xcassets */,
				5FBB0E5E1F9269FC0077A877 /* LaunchScreen.storyboard */,
				5FBB0E611F9269FC0077A877 /* Info.plist */,
			);
			path = grasp;
			sourceTree = "<group>";
		};
		ABBE0FA434871B0371F21D28 /* Pods */ = {
			isa = PBXGroup;
			children = (
				617FD0DA12F0D025378EF702 /* Pods-grasp.debug.xcconfig */,
				298F8229240B3F56915101CF /* Pods-grasp.release.xcconfig */,
			);
			name = Pods;
			sourceTree = "<group>";
		};
		DC1F87589B9565E6047E4D9F /* Frameworks */ = {
			isa = PBXGroup;
			children = (
				ACFDBFA5452715C6BAE01984 /* Pods_grasp.framework */,
			);
			name = Frameworks;
			sourceTree = "<group>";
		};
/* End PBXGroup section */

/* Begin PBXNativeTarget section */
		5FBB0E511F9269FC0077A877 /* grasp */ = {
			isa = PBXNativeTarget;
			buildConfigurationList = 5FBB0E641F9269FC0077A877 /* Build configuration list for PBXNativeTarget "grasp" */;
			buildPhases = (
				1A5EC7437F421FFFCF1ECCAF /* [CP] Check Pods Manifest.lock */,
				5FBB0E4E1F9269FC0077A877 /* Sources */,
				5FBB0E4F1F9269FC0077A877 /* Frameworks */,
				5FBB0E501F9269FC0077A877 /* Resources */,
				8E7EDF7F4FF55E0FEB3946FC /* [CP] Embed Pods Frameworks */,
				E5BB2F00E9DA212C074D372C /* [CP] Copy Pods Resources */,
			);
			buildRules = (
			);
			dependencies = (
			);
			name = grasp;
			productName = grasp;
			productReference = 5FBB0E521F9269FC0077A877 /* Grasp.app */;
			productType = "com.apple.product-type.application";
		};
/* End PBXNativeTarget section */

/* Begin PBXProject section */
		5FBB0E4A1F9269FC0077A877 /* Project object */ = {
			isa = PBXProject;
			attributes = {
				LastSwiftUpdateCheck = 0900;
				LastUpgradeCheck = 0900;
				ORGANIZATIONNAME = "Charles Bai";
				TargetAttributes = {
					5FBB0E511F9269FC0077A877 = {
						CreatedOnToolsVersion = 9.0;
						ProvisioningStyle = Automatic;
					};
				};
			};
			buildConfigurationList = 5FBB0E4D1F9269FC0077A877 /* Build configuration list for PBXProject "grasp" */;
			compatibilityVersion = "Xcode 8.0";
			developmentRegion = en;
			hasScannedForEncodings = 0;
			knownRegions = (
				en,
				Base,
			);
			mainGroup = 5FBB0E491F9269FC0077A877;
			productRefGroup = 5FBB0E531F9269FC0077A877 /* Products */;
			projectDirPath = "";
			projectRoot = "";
			targets = (
				5FBB0E511F9269FC0077A877 /* grasp */,
			);
		};
/* End PBXProject section */

/* Begin PBXResourcesBuildPhase section */
		5FBB0E501F9269FC0077A877 /* Resources */ = {
			isa = PBXResourcesBuildPhase;
			buildActionMask = 2147483647;
			files = (
				5FBB0E601F9269FC0077A877 /* LaunchScreen.storyboard in Resources */,
				5FBB0E5D1F9269FC0077A877 /* Assets.xcassets in Resources */,
				5FBB0E5B1F9269FC0077A877 /* Main.storyboard in Resources */,
			);
			runOnlyForDeploymentPostprocessing = 0;
		};
/* End PBXResourcesBuildPhase section */

/* Begin PBXShellScriptBuildPhase section */
		1A5EC7437F421FFFCF1ECCAF /* [CP] Check Pods Manifest.lock */ = {
			isa = PBXShellScriptBuildPhase;
			buildActionMask = 2147483647;
			files = (
			);
			inputPaths = (
				"${PODS_PODFILE_DIR_PATH}/Podfile.lock",
				"${PODS_ROOT}/Manifest.lock",
			);
			name = "[CP] Check Pods Manifest.lock";
			outputPaths = (
				"$(DERIVED_FILE_DIR)/Pods-grasp-checkManifestLockResult.txt",
			);
			runOnlyForDeploymentPostprocessing = 0;
			shellPath = /bin/sh;
			shellScript = "diff \"${PODS_PODFILE_DIR_PATH}/Podfile.lock\" \"${PODS_ROOT}/Manifest.lock\" > /dev/null\nif [ $? != 0 ] ; then\n    # print error to STDERR\n    echo \"error: The sandbox is not in sync with the Podfile.lock. Run 'pod install' or update your CocoaPods installation.\" >&2\n    exit 1\nfi\n# This output is used by Xcode 'outputs' to avoid re-running this script phase.\necho \"SUCCESS\" > \"${SCRIPT_OUTPUT_FILE_0}\"\n";
			showEnvVarsInLog = 0;
		};
		8E7EDF7F4FF55E0FEB3946FC /* [CP] Embed Pods Frameworks */ = {
			isa = PBXShellScriptBuildPhase;
			buildActionMask = 2147483647;
			files = (
			);
			inputPaths = (
				"${SRCROOT}/Pods/Target Support Files/Pods-grasp/Pods-grasp-frameworks.sh",
				"${BUILT_PRODUCTS_DIR}/Alamofire/Alamofire.framework",
				"${BUILT_PRODUCTS_DIR}/AlamofireImage/AlamofireImage.framework",
				"${BUILT_PRODUCTS_DIR}/IQKeyboardManagerSwift/IQKeyboardManagerSwift.framework",
				"${BUILT_PRODUCTS_DIR}/KeychainSwift/KeychainSwift.framework",
				"${BUILT_PRODUCTS_DIR}/XLPagerTabStrip/XLPagerTabStrip.framework",
			);
			name = "[CP] Embed Pods Frameworks";
			outputPaths = (
				"${TARGET_BUILD_DIR}/${FRAMEWORKS_FOLDER_PATH}/Alamofire.framework",
				"${TARGET_BUILD_DIR}/${FRAMEWORKS_FOLDER_PATH}/AlamofireImage.framework",
				"${TARGET_BUILD_DIR}/${FRAMEWORKS_FOLDER_PATH}/IQKeyboardManagerSwift.framework",
				"${TARGET_BUILD_DIR}/${FRAMEWORKS_FOLDER_PATH}/KeychainSwift.framework",
				"${TARGET_BUILD_DIR}/${FRAMEWORKS_FOLDER_PATH}/XLPagerTabStrip.framework",
			);
			runOnlyForDeploymentPostprocessing = 0;
			shellPath = /bin/sh;
			shellScript = "\"${SRCROOT}/Pods/Target Support Files/Pods-grasp/Pods-grasp-frameworks.sh\"\n";
			showEnvVarsInLog = 0;
		};
		E5BB2F00E9DA212C074D372C /* [CP] Copy Pods Resources */ = {
			isa = PBXShellScriptBuildPhase;
			buildActionMask = 2147483647;
			files = (
			);
			inputPaths = (
			);
			name = "[CP] Copy Pods Resources";
			outputPaths = (
			);
			runOnlyForDeploymentPostprocessing = 0;
			shellPath = /bin/sh;
			shellScript = "\"${SRCROOT}/Pods/Target Support Files/Pods-grasp/Pods-grasp-resources.sh\"\n";
			showEnvVarsInLog = 0;
		};
/* End PBXShellScriptBuildPhase section */

/* Begin PBXSourcesBuildPhase section */
		5FBB0E4E1F9269FC0077A877 /* Sources */ = {
			isa = PBXSourcesBuildPhase;
			buildActionMask = 2147483647;
			files = (
				5F25D7AC1FBCF52800A77415 /* Course.swift in Sources */,
				5F9CF2161FC2A62600BBDFFE /* Constants.swift in Sources */,
				5F3C5BC81F9423ED004E7114 /* APIManager.swift in Sources */,
				5F3C5BCA1F94251F004E7114 /* Tutor.swift in Sources */,
				5FE4D6851FBAA1EE005D3ECA /* MainTabBarController.swift in Sources */,
				5FD671B41FC52A4E005FEB5B /* LoadingIndicatorView.swift in Sources */,
				5F7EE4351FBA5DB300FCD1C7 /* UserCompletionController.swift in Sources */,
				5FBB0E6C1F92714D0077A877 /* TutorCell.swift in Sources */,
				5FA83DE21FC4DC7A0091BD51 /* PendingUserCell.swift in Sources */,
				5F25D7B21FBD5D6600A77415 /* CourseTutorCell.swift in Sources */,
				5F9CF2181FC4A2F700BBDFFE /* ContactPagerViewController.swift in Sources */,
				5FA83DE01FC4BA810091BD51 /* Relationship.swift in Sources */,
				5FE4D6811FBA94DA005D3ECA /* KeyChainManager.swift in Sources */,
				5FFE5F441F929F1300BCB2B5 /* UserProfileViewController.swift in Sources */,
				5FE4D6831FBA9975005D3ECA /* User.swift in Sources */,
				5F9CF21C1FC4A61E00BBDFFE /* ContactPendingViewController.swift in Sources */,
				5FBB0E681F926ECE0077A877 /* InitialScreenViewController.swift in Sources */,
				5F25D7AA1FBCD60C00A77415 /* TutorResultCell.swift in Sources */,
				5FA83DE41FC4E9210091BD51 /* AcceptedUserCell.swift in Sources */,
				5F25D7B01FBD502B00A77415 /* TutorCourseSelectionViewController.swift in Sources */,
				5FBB0E6A1F926FFF0077A877 /* TutorsViewController.swift in Sources */,
				5F7EE4331FBA4A7600FCD1C7 /* RegistrationController.swift in Sources */,
				5F7EE4311FBA47DF00FCD1C7 /* RoundButton.swift in Sources */,
				5F9CF21A1FC4A61200BBDFFE /* ContactAcceptedViewController.swift in Sources */,
				5F25D7AE1FBD20A100A77415 /* CourseCell.swift in Sources */,
				5FFE5F421F92949700BCB2B5 /* TutorProfileViewController.swift in Sources */,
				5F25D7A81FBCCC8E00A77415 /* TutorSearchViewController.swift in Sources */,
				5F3C5BC61F9420F0004E7114 /* UserCreationViewController.swift in Sources */,
				5FBB0E561F9269FC0077A877 /* AppDelegate.swift in Sources */,
			);
			runOnlyForDeploymentPostprocessing = 0;
		};
/* End PBXSourcesBuildPhase section */

/* Begin PBXVariantGroup section */
		5FBB0E591F9269FC0077A877 /* Main.storyboard */ = {
			isa = PBXVariantGroup;
			children = (
				5FBB0E5A1F9269FC0077A877 /* Base */,
			);
			name = Main.storyboard;
			sourceTree = "<group>";
		};
		5FBB0E5E1F9269FC0077A877 /* LaunchScreen.storyboard */ = {
			isa = PBXVariantGroup;
			children = (
				5FBB0E5F1F9269FC0077A877 /* Base */,
			);
			name = LaunchScreen.storyboard;
			sourceTree = "<group>";
		};
/* End PBXVariantGroup section */

/* Begin XCBuildConfiguration section */
		5FBB0E621F9269FC0077A877 /* Debug */ = {
			isa = XCBuildConfiguration;
			buildSettings = {
				ALWAYS_SEARCH_USER_PATHS = NO;
				CLANG_ANALYZER_NONNULL = YES;
				CLANG_ANALYZER_NUMBER_OBJECT_CONVERSION = YES_AGGRESSIVE;
				CLANG_CXX_LANGUAGE_STANDARD = "gnu++14";
				CLANG_CXX_LIBRARY = "libc++";
				CLANG_ENABLE_MODULES = YES;
				CLANG_ENABLE_OBJC_ARC = YES;
				CLANG_WARN_BLOCK_CAPTURE_AUTORELEASING = YES;
				CLANG_WARN_BOOL_CONVERSION = YES;
				CLANG_WARN_COMMA = YES;
				CLANG_WARN_CONSTANT_CONVERSION = YES;
				CLANG_WARN_DIRECT_OBJC_ISA_USAGE = YES_ERROR;
				CLANG_WARN_DOCUMENTATION_COMMENTS = YES;
				CLANG_WARN_EMPTY_BODY = YES;
				CLANG_WARN_ENUM_CONVERSION = YES;
				CLANG_WARN_INFINITE_RECURSION = YES;
				CLANG_WARN_INT_CONVERSION = YES;
				CLANG_WARN_NON_LITERAL_NULL_CONVERSION = YES;
				CLANG_WARN_OBJC_LITERAL_CONVERSION = YES;
				CLANG_WARN_OBJC_ROOT_CLASS = YES_ERROR;
				CLANG_WARN_RANGE_LOOP_ANALYSIS = YES;
				CLANG_WARN_STRICT_PROTOTYPES = YES;
				CLANG_WARN_SUSPICIOUS_MOVE = YES;
				CLANG_WARN_UNGUARDED_AVAILABILITY = YES_AGGRESSIVE;
				CLANG_WARN_UNREACHABLE_CODE = YES;
				CLANG_WARN__DUPLICATE_METHOD_MATCH = YES;
				CODE_SIGN_IDENTITY = "iPhone Developer";
				COPY_PHASE_STRIP = NO;
				DEBUG_INFORMATION_FORMAT = dwarf;
				ENABLE_STRICT_OBJC_MSGSEND = YES;
				ENABLE_TESTABILITY = YES;
				GCC_C_LANGUAGE_STANDARD = gnu11;
				GCC_DYNAMIC_NO_PIC = NO;
				GCC_NO_COMMON_BLOCKS = YES;
				GCC_OPTIMIZATION_LEVEL = 0;
				GCC_PREPROCESSOR_DEFINITIONS = (
					"DEBUG=1",
					"$(inherited)",
				);
				GCC_WARN_64_TO_32_BIT_CONVERSION = YES;
				GCC_WARN_ABOUT_RETURN_TYPE = YES_ERROR;
				GCC_WARN_UNDECLARED_SELECTOR = YES;
				GCC_WARN_UNINITIALIZED_AUTOS = YES_AGGRESSIVE;
				GCC_WARN_UNUSED_FUNCTION = YES;
				GCC_WARN_UNUSED_VARIABLE = YES;
				IPHONEOS_DEPLOYMENT_TARGET = 11.0;
				MTL_ENABLE_DEBUG_INFO = YES;
				ONLY_ACTIVE_ARCH = YES;
				SDKROOT = iphoneos;
				SWIFT_ACTIVE_COMPILATION_CONDITIONS = DEBUG;
				SWIFT_OPTIMIZATION_LEVEL = "-Onone";
			};
			name = Debug;
		};
		5FBB0E631F9269FC0077A877 /* Release */ = {
			isa = XCBuildConfiguration;
			buildSettings = {
				ALWAYS_SEARCH_USER_PATHS = NO;
				CLANG_ANALYZER_NONNULL = YES;
				CLANG_ANALYZER_NUMBER_OBJECT_CONVERSION = YES_AGGRESSIVE;
				CLANG_CXX_LANGUAGE_STANDARD = "gnu++14";
				CLANG_CXX_LIBRARY = "libc++";
				CLANG_ENABLE_MODULES = YES;
				CLANG_ENABLE_OBJC_ARC = YES;
				CLANG_WARN_BLOCK_CAPTURE_AUTORELEASING = YES;
				CLANG_WARN_BOOL_CONVERSION = YES;
				CLANG_WARN_COMMA = YES;
				CLANG_WARN_CONSTANT_CONVERSION = YES;
				CLANG_WARN_DIRECT_OBJC_ISA_USAGE = YES_ERROR;
				CLANG_WARN_DOCUMENTATION_COMMENTS = YES;
				CLANG_WARN_EMPTY_BODY = YES;
				CLANG_WARN_ENUM_CONVERSION = YES;
				CLANG_WARN_INFINITE_RECURSION = YES;
				CLANG_WARN_INT_CONVERSION = YES;
				CLANG_WARN_NON_LITERAL_NULL_CONVERSION = YES;
				CLANG_WARN_OBJC_LITERAL_CONVERSION = YES;
				CLANG_WARN_OBJC_ROOT_CLASS = YES_ERROR;
				CLANG_WARN_RANGE_LOOP_ANALYSIS = YES;
				CLANG_WARN_STRICT_PROTOTYPES = YES;
				CLANG_WARN_SUSPICIOUS_MOVE = YES;
				CLANG_WARN_UNGUARDED_AVAILABILITY = YES_AGGRESSIVE;
				CLANG_WARN_UNREACHABLE_CODE = YES;
				CLANG_WARN__DUPLICATE_METHOD_MATCH = YES;
				CODE_SIGN_IDENTITY = "iPhone Developer";
				COPY_PHASE_STRIP = NO;
				DEBUG_INFORMATION_FORMAT = "dwarf-with-dsym";
				ENABLE_NS_ASSERTIONS = NO;
				ENABLE_STRICT_OBJC_MSGSEND = YES;
				GCC_C_LANGUAGE_STANDARD = gnu11;
				GCC_NO_COMMON_BLOCKS = YES;
				GCC_WARN_64_TO_32_BIT_CONVERSION = YES;
				GCC_WARN_ABOUT_RETURN_TYPE = YES_ERROR;
				GCC_WARN_UNDECLARED_SELECTOR = YES;
				GCC_WARN_UNINITIALIZED_AUTOS = YES_AGGRESSIVE;
				GCC_WARN_UNUSED_FUNCTION = YES;
				GCC_WARN_UNUSED_VARIABLE = YES;
				IPHONEOS_DEPLOYMENT_TARGET = 11.0;
				MTL_ENABLE_DEBUG_INFO = NO;
				SDKROOT = iphoneos;
				SWIFT_OPTIMIZATION_LEVEL = "-Owholemodule";
				VALIDATE_PRODUCT = YES;
			};
			name = Release;
		};
		5FBB0E651F9269FC0077A877 /* Debug */ = {
			isa = XCBuildConfiguration;
			baseConfigurationReference = 617FD0DA12F0D025378EF702 /* Pods-grasp.debug.xcconfig */;
			buildSettings = {
				ASSETCATALOG_COMPILER_APPICON_NAME = AppIcon;
				CODE_SIGN_STYLE = Automatic;
				DEVELOPMENT_TEAM = 678B5R7V3K;
				INFOPLIST_FILE = grasp/Info.plist;
				IPHONEOS_DEPLOYMENT_TARGET = 11.0;
				LD_RUNPATH_SEARCH_PATHS = "$(inherited) @executable_path/Frameworks";
				PRODUCT_BUNDLE_IDENTIFIER = luminouslabs.grasp;
				PRODUCT_NAME = Grasp;
				SWIFT_VERSION = 4.0;
				TARGETED_DEVICE_FAMILY = 1;
			};
			name = Debug;
		};
		5FBB0E661F9269FC0077A877 /* Release */ = {
			isa = XCBuildConfiguration;
			baseConfigurationReference = 298F8229240B3F56915101CF /* Pods-grasp.release.xcconfig */;
			buildSettings = {
				ASSETCATALOG_COMPILER_APPICON_NAME = AppIcon;
				CODE_SIGN_STYLE = Automatic;
				DEVELOPMENT_TEAM = 678B5R7V3K;
				INFOPLIST_FILE = grasp/Info.plist;
				IPHONEOS_DEPLOYMENT_TARGET = 11.0;
				LD_RUNPATH_SEARCH_PATHS = "$(inherited) @executable_path/Frameworks";
				PRODUCT_BUNDLE_IDENTIFIER = luminouslabs.grasp;
				PRODUCT_NAME = Grasp;
				SWIFT_VERSION = 4.0;
				TARGETED_DEVICE_FAMILY = 1;
			};
			name = Release;
		};
/* End XCBuildConfiguration section */

/* Begin XCConfigurationList section */
		5FBB0E4D1F9269FC0077A877 /* Build configuration list for PBXProject "grasp" */ = {
			isa = XCConfigurationList;
			buildConfigurations = (
				5FBB0E621F9269FC0077A877 /* Debug */,
				5FBB0E631F9269FC0077A877 /* Release */,
			);
			defaultConfigurationIsVisible = 0;
			defaultConfigurationName = Release;
		};
		5FBB0E641F9269FC0077A877 /* Build configuration list for PBXNativeTarget "grasp" */ = {
			isa = XCConfigurationList;
			buildConfigurations = (
				5FBB0E651F9269FC0077A877 /* Debug */,
				5FBB0E661F9269FC0077A877 /* Release */,
			);
			defaultConfigurationIsVisible = 0;
			defaultConfigurationName = Release;
		};
/* End XCConfigurationList section */
	};
	rootObject = 5FBB0E4A1F9269FC0077A877 /* Project object */;
}
